
Microsoft Visual Studio Solution File, Format Version 12.00
# Visual Studio Version 16
VisualStudioVersion = 16.0.31911.196
MinimumVisualStudioVersion = 10.0.40219.1
Project("{FAE04EC0-301F-11D3-BF4B-00C04F79EFBC}") = "ParcelEstimator", "ParcelEstimator\ParcelEstimator.csproj", "{9F65E5E9-10C7-4D57-AAA6-C4367A33759F}"
EndProject
Project("{FAE04EC0-301F-11D3-BF4B-00C04F79EFBC}") = "ParcelEstimator.Tests", "ParcelEstimator.Tests\ParcelEstimator.Tests.csproj", "{8101B1EE-885C-4F1D-B4CB-4021405B139B}"
EndProject
Global
	GlobalSection(SolutionConfigurationPlatforms) = preSolution
		Debug|Any CPU = Debug|Any CPU
		Release|Any CPU = Release|Any CPU
	EndGlobalSection
	GlobalSection(ProjectConfigurationPlatforms) = postSolution
		{9F65E5E9-10C7-4D57-AAA6-C4367A33759F}.Debug|Any CPU.ActiveCfg = Debug|Any CPU
		{9F65E5E9-10C7-4D57-AAA6-C4367A33759F}.Debug|Any CPU.Build.0 = Debug|Any CPU
		{9F65E5E9-10C7-4D57-AAA6-C4367A33759F}.Release|Any CPU.ActiveCfg = Release|Any CPU
		{9F65E5E9-10C7-4D57-AAA6-C4367A33759F}.Release|Any CPU.Build.0 = Release|Any CPU
		{8101B1EE-885C-4F1D-B4CB-4021405B139B}.Debug|Any CPU.ActiveCfg = Debug|Any CPU
		{8101B1EE-885C-4F1D-B4CB-4021405B139B}.Debug|Any CPU.Build.0 = Debug|Any CPU
		{8101B1EE-885C-4F1D-B4CB-4021405B139B}.Release|Any CPU.ActiveCfg = Release|Any CPU
		{8101B1EE-885C-4F1D-B4CB-4021405B139B}.Release|Any CPU.Build.0 = Release|Any CPU
	EndGlobalSection
	GlobalSection(SolutionProperties) = preSolution
		HideSolutionNode = FALSE
	EndGlobalSection
	GlobalSection(ExtensibilityGlobals) = postSolution
		SolutionGuid = {3E4C4B57-7E0A-485E-878E-AF2BC4980C37}
	EndGlobalSection
EndGlobal
